<?xml version="1.0" encoding="utf-8"?>
<Project ToolsVersion="4.0" xmlns="http://schemas.microsoft.com/developer/msbuild/2003">
  <ItemGroup>
    <Filter Include="Source Files">
      <UniqueIdentifier>{5fdff2ea-efd8-4402-816b-8265b116dec2}</UniqueIdentifier>
      <Extensions>cpp;c;cxx;rc;def;r;odl;idl;hpj;bat</Extensions>
    </Filter>
    <Filter Include="Source Files\dialog">
      <UniqueIdentifier>{ac860bf5-f56c-4555-af35-5c82167829af}</UniqueIdentifier>
    </Filter>
    <Filter Include="Source Files\MTL">
      <UniqueIdentifier>{5b479c18-749e-4fd9-8d27-86beeff2228e}</UniqueIdentifier>
    </Filter>
    <Filter Include="Source Files\option">
      <UniqueIdentifier>{424cfeb8-4093-4ae5-a2e1-da02cb07ea88}</UniqueIdentifier>
    </Filter>
    <Filter Include="Source Files\ATL">
      <UniqueIdentifier>{da6eeea1-fe54-4347-9717-775813b084a4}</UniqueIdentifier>
    </Filter>
    <Filter Include="WTL">
      <UniqueIdentifier>{dcddcda2-ba4e-4b3d-8c02-669b117beb8c}</UniqueIdentifier>
    </Filter>
    <Filter Include="Resource Files">
      <UniqueIdentifier>{2275c555-3d6f-4f4a-9d72-0652c89dc5f8}</UniqueIdentifier>
      <Extensions>ico;cur;bmp;dlg;rc2;rct;bin;rgs;gif;jpg;jpeg;jpe</Extensions>
    </Filter>
    <Filter Include="Source Files\Base">
      <UniqueIdentifier>{02724dd7-7f4a-4892-b106-2638376e9df9}</UniqueIdentifier>
    </Filter>
    <Filter Include="Source Files\ExplorerBar">
      <UniqueIdentifier>{b29f7394-6ad5-48b4-a027-1b5b83199945}</UniqueIdentifier>
    </Filter>
    <Filter Include="Source Files\Window">
      <UniqueIdentifier>{83aa46d4-df3b-4981-b947-1b794b3cdf4d}</UniqueIdentifier>
    </Filter>
    <Filter Include="Source Files\Download">
      <UniqueIdentifier>{c62d03f5-8075-47c5-b214-1818866b90e8}</UniqueIdentifier>
    </Filter>
    <Filter Include="Source Files\plugin">
      <UniqueIdentifier>{c4c05264-3d85-49a5-b3d0-c6bd865e17d5}</UniqueIdentifier>
    </Filter>
  </ItemGroup>
  <ItemGroup>
    <ClCompile Include="AccelManager.cpp">
      <Filter>Source Files</Filter>
    </ClCompile>
    <ClCompile Include="appconst.cpp">
      <Filter>Source Files</Filter>
    </ClCompile>
    <ClCompile Include="CmbboxPrxy.cpp">
      <Filter>Source Files</Filter>
    </ClCompile>
    <ClCompile Include="Donut.cpp">
      <Filter>Source Files</Filter>
    </ClCompile>
    <ClCompile Include="DonutSecurityZone.cpp">
      <Filter>Source Files</Filter>
    </ClCompile>
    <ClCompile Include="FavoriteOrder.cpp">
      <Filter>Source Files</Filter>
    </ClCompile>
    <ClCompile Include="ItemIDList.cpp">
      <Filter>Source Files</Filter>
    </ClCompile>
    <ClCompile Include="newdelete.cpp">
      <Filter>Source Files</Filter>
    </ClCompile>
    <ClCompile Include="ParseInternetShortcutFile.cpp">
      <Filter>Source Files</Filter>
    </ClCompile>
    <ClCompile Include="stdafx.cpp">
      <Filter>Source Files</Filter>
    </ClCompile>
    <ClCompile Include="dialog\aboutdlg.cpp">
      <Filter>Source Files\dialog</Filter>
    </ClCompile>
    <ClCompile Include="dialog\AlphaDialog.cpp">
      <Filter>Source Files\dialog</Filter>
    </ClCompile>
    <ClCompile Include="dialog\CommandSelectDialog.cpp">
      <Filter>Source Files\dialog</Filter>
    </ClCompile>
    <ClCompile Include="dialog\DebugWindow.cpp">
      <Filter>Source Files\dialog</Filter>
    </ClCompile>
    <ClCompile Include="dialog\OpenURLDialog.cpp">
      <Filter>Source Files\dialog</Filter>
    </ClCompile>
    <ClCompile Include="dialog\RenameFileDialog.cpp">
      <Filter>Source Files\dialog</Filter>
    </ClCompile>
    <ClCompile Include="MtlCom.cpp">
      <Filter>Source Files\MTL</Filter>
    </ClCompile>
    <ClCompile Include="MtlCtrls.cpp">
      <Filter>Source Files\MTL</Filter>
    </ClCompile>
    <ClCompile Include="MtlMisc.cpp">
      <Filter>Source Files\MTL</Filter>
    </ClCompile>
    <ClCompile Include="MtlUser.cpp">
      <Filter>Source Files\MTL</Filter>
    </ClCompile>
    <ClCompile Include="MtlWeb.cpp">
      <Filter>Source Files\MTL</Filter>
    </ClCompile>
    <ClCompile Include="MtlWin.cpp">
      <Filter>Source Files\MTL</Filter>
    </ClCompile>
    <ClCompile Include="option\CloseTitleOption.cpp">
      <Filter>Source Files\option</Filter>
    </ClCompile>
    <ClCompile Include="option\DestroyDialog.cpp">
      <Filter>Source Files\option</Filter>
    </ClCompile>
    <ClCompile Include="option\DLControlOption.cpp">
      <Filter>Source Files\option</Filter>
    </ClCompile>
    <ClCompile Include="option\DonutConfirmOption.cpp">
      <Filter>Source Files\option</Filter>
    </ClCompile>
    <ClCompile Include="option\ExecutableDialog.cpp">
      <Filter>Source Files\option</Filter>
    </ClCompile>
    <ClCompile Include="option\ExplorerBarDialog.cpp">
      <Filter>Source Files\option</Filter>
    </ClCompile>
    <ClCompile Include="option\FavoriteMenuDialog.cpp">
      <Filter>Source Files\option</Filter>
    </ClCompile>
    <ClCompile Include="option\FileNewOption.cpp">
      <Filter>Source Files\option</Filter>
    </ClCompile>
    <ClCompile Include="option\IgnoreURLsOption.cpp">
      <Filter>Source Files\option</Filter>
    </ClCompile>
    <ClCompile Include="option\KeyBoardDialog.cpp">
      <Filter>Source Files\option</Filter>
    </ClCompile>
    <ClCompile Include="option\MainOption.cpp">
      <Filter>Source Files\option</Filter>
    </ClCompile>
    <ClCompile Include="option\MenuDialog.cpp">
      <Filter>Source Files\option</Filter>
    </ClCompile>
    <ClCompile Include="option\MouseDialog.cpp">
      <Filter>Source Files\option</Filter>
    </ClCompile>
    <ClCompile Include="option\MouseGestureDialog.cpp">
      <Filter>Source Files\option</Filter>
    </ClCompile>
    <ClCompile Include="option\PluginDialog.cpp">
      <Filter>Source Files\option</Filter>
    </ClCompile>
    <ClCompile Include="option\ProxyDialog.cpp">
      <Filter>Source Files\option</Filter>
    </ClCompile>
    <ClCompile Include="option\SkinOption.cpp">
      <Filter>Source Files\option</Filter>
    </ClCompile>
    <ClCompile Include="option\StartUpOption.cpp">
      <Filter>Source Files\option</Filter>
    </ClCompile>
    <ClCompile Include="option\ToolBarDialog.cpp">
      <Filter>Source Files\option</Filter>
    </ClCompile>
    <ClCompile Include="option\UrlSecurityOption.cpp">
      <Filter>Source Files\option</Filter>
    </ClCompile>
    <ClCompile Include="DonutOption.cpp">
      <Filter>Source Files</Filter>
    </ClCompile>
    <ClCompile Include="option\RightClickMenuDialog.cpp">
      <Filter>Source Files\option</Filter>
    </ClCompile>
    <ClCompile Include="CustomContextMenu.cpp">
      <Filter>Source Files</Filter>
    </ClCompile>
    <ClCompile Include="VersionControl.cpp">
      <Filter>Source Files</Filter>
    </ClCompile>
    <ClCompile Include="ChildFrame.cpp">
      <Filter>Source Files\Window</Filter>
    </ClCompile>
    <ClCompile Include="DonutAddressBar.cpp">
      <Filter>Source Files\Window</Filter>
    </ClCompile>
    <ClCompile Include="DonutStatusBarCtrl.cpp">
      <Filter>Source Files\Window</Filter>
    </ClCompile>
    <ClCompile Include="DonutToolBar.cpp">
      <Filter>Source Files\Window</Filter>
    </ClCompile>
    <ClCompile Include="DonutView.cpp">
      <Filter>Source Files\Window</Filter>
    </ClCompile>
    <ClCompile Include="MainFrame.cpp">
      <Filter>Source Files\Window</Filter>
    </ClCompile>
    <ClCompile Include="DonutClipboardBar.cpp">
      <Filter>Source Files\ExplorerBar</Filter>
    </ClCompile>
    <ClCompile Include="FavTreeViewCtrl.cpp">
      <Filter>Source Files\ExplorerBar</Filter>
    </ClCompile>
    <ClCompile Include="DonutPFunc.cpp">
      <Filter>Source Files\Base</Filter>
    </ClCompile>
    <ClCompile Include="Misc.cpp">
      <Filter>Source Files\Base</Filter>
    </ClCompile>
    <ClCompile Include="XmlFile.cpp">
      <Filter>Source Files\Base</Filter>
    </ClCompile>
    <ClCompile Include="IniFile.cpp">
      <Filter>Source Files\Base</Filter>
    </ClCompile>
    <ClCompile Include="Download\DownloadedListView.cpp">
      <Filter>Source Files\Download</Filter>
    </ClCompile>
    <ClCompile Include="Download\DownloadingListView.cpp">
      <Filter>Source Files\Download</Filter>
    </ClCompile>
    <ClCompile Include="Download\DownloadFrame.cpp">
      <Filter>Source Files\Download</Filter>
    </ClCompile>
    <ClCompile Include="Download\DownloadManager.cpp">
      <Filter>Source Files\Download</Filter>
    </ClCompile>
    <ClCompile Include="Download\CustomBindStatusCallBack.cpp">
      <Filter>Source Files\Download</Filter>
    </ClCompile>
    <ClCompile Include="DocHostUIHandlerDispatch.cpp">
      <Filter>Source Files</Filter>
    </ClCompile>
    <ClCompile Include="option\AddressBarPropertyPage.cpp">
      <Filter>Source Files\option</Filter>
    </ClCompile>
    <ClCompile Include="option\UrlSecurityExPropDialog.cpp">
      <Filter>Source Files\option</Filter>
    </ClCompile>
    <ClCompile Include="FavoritesMenu.cpp">
      <Filter>Source Files</Filter>
    </ClCompile>
    <ClCompile Include="BingTranslatorMenu.cpp">
      <Filter>Source Files</Filter>
    </ClCompile>
    <ClCompile Include="RecentDocumentListFixed.cpp">
      <Filter>Source Files</Filter>
    </ClCompile>
    <ClCompile Include="DonutSearchBar.cpp">
      <Filter>Source Files\Window</Filter>
    </ClCompile>
    <ClCompile Include="FaviconManager.cpp">
      <Filter>Source Files</Filter>
    </ClCompile>
    <ClCompile Include="APIHook.cpp">
      <Filter>Source Files\Base</Filter>
    </ClCompile>
    <ClCompile Include="GdiplusUtil.cpp">
      <Filter>Source Files\Base</Filter>
    </ClCompile>
    <ClCompile Include="PluginManager.cpp">
      <Filter>Source Files\plugin</Filter>
    </ClCompile>
    <ClCompile Include="option\MDITabDialog.cpp">
      <Filter>Source Files\option</Filter>
    </ClCompile>
    <ClCompile Include="DonutTabBar.cpp">
      <Filter>Source Files\Window</Filter>
    </ClCompile>
  </ItemGroup>
  <ItemGroup>
    <ClInclude Include="AccelManager.h">
      <Filter>Source Files</Filter>
    </ClInclude>
    <ClInclude Include="AmbientDispatch.h">
      <Filter>Source Files</Filter>
    </ClInclude>
    <ClInclude Include="API.h">
      <Filter>Source Files</Filter>
    </ClInclude>
    <ClInclude Include="appconst.h">
      <Filter>Source Files</Filter>
    </ClInclude>
    <ClInclude Include="CmbboxPrxy.h">
      <Filter>Source Files</Filter>
    </ClInclude>
    <ClInclude Include="CustomContextMenu.h">
      <Filter>Source Files</Filter>
    </ClInclude>
    <ClInclude Include="DialogHook.h">
      <Filter>Source Files</Filter>
    </ClInclude>
    <ClInclude Include="DialogKiller.h">
      <Filter>Source Files</Filter>
    </ClInclude>
    <ClInclude Include="DocHostUIHandlerDispatch.h">
      <Filter>Source Files</Filter>
    </ClInclude>
    <ClInclude Include="Donut.h">
      <Filter>Source Files</Filter>
    </ClInclude>
    <ClInclude Include="DonutDefine.h">
      <Filter>Source Files</Filter>
    </ClInclude>
    <ClInclude Include="DonutFavoritesMenu.h">
      <Filter>Source Files</Filter>
    </ClInclude>
    <ClInclude Include="DonutOptions.h">
      <Filter>Source Files</Filter>
    </ClInclude>
    <ClInclude Include="DonutPCP.h">
      <Filter>Source Files</Filter>
    </ClInclude>
    <ClInclude Include="DonutSecurityZone.h">
      <Filter>Source Files</Filter>
    </ClInclude>
    <ClInclude Include="DonutSimpleEventManager.h">
      <Filter>Source Files</Filter>
    </ClInclude>
    <ClInclude Include="DonutViewOption.h">
      <Filter>Source Files</Filter>
    </ClInclude>
    <ClInclude Include="ExMenu.h">
      <Filter>Source Files</Filter>
    </ClInclude>
    <ClInclude Include="ExplorerToolBarCtrl.h">
      <Filter>Source Files</Filter>
    </ClInclude>
    <ClInclude Include="ExplorerTreeViewCtrl.h">
      <Filter>Source Files</Filter>
    </ClInclude>
    <ClInclude Include="ExStyle.h">
      <Filter>Source Files</Filter>
    </ClInclude>
    <ClInclude Include="FavoriteOrder.h">
      <Filter>Source Files</Filter>
    </ClInclude>
    <ClInclude Include="FavoritesMenu.h">
      <Filter>Source Files</Filter>
    </ClInclude>
    <ClInclude Include="FlatComboBox.h">
      <Filter>Source Files</Filter>
    </ClInclude>
    <ClInclude Include="FlatComboBox_SearchKeyword.h">
      <Filter>Source Files</Filter>
    </ClInclude>
    <ClInclude Include="HlinkDataObject.h">
      <Filter>Source Files</Filter>
    </ClInclude>
    <ClInclude Include="ItemIDList.h">
      <Filter>Source Files</Filter>
    </ClInclude>
    <ClInclude Include="MainFrameFileDropTarget.h">
      <Filter>Source Files</Filter>
    </ClInclude>
    <ClInclude Include="MDIChildUserMessenger.h">
      <Filter>Source Files</Filter>
    </ClInclude>
    <ClInclude Include="MenuControl.h">
      <Filter>Source Files</Filter>
    </ClInclude>
    <ClInclude Include="MenuDropTargetWindow.h">
      <Filter>Source Files</Filter>
    </ClInclude>
    <ClInclude Include="OleDragDropExpToolBarCtrl.h">
      <Filter>Source Files</Filter>
    </ClInclude>
    <ClInclude Include="OleDragDropExpTreeViewCtrl.h">
      <Filter>Source Files</Filter>
    </ClInclude>
    <ClInclude Include="ParseInternetShortcutFile.h">
      <Filter>Source Files</Filter>
    </ClInclude>
    <ClInclude Include="RecentDocumentListFixed.h">
      <Filter>Source Files</Filter>
    </ClInclude>
    <ClInclude Include="ScriptErrorCommandTargetImpl.h">
      <Filter>Source Files</Filter>
    </ClInclude>
    <ClInclude Include="SimpleTree.h">
      <Filter>Source Files</Filter>
    </ClInclude>
    <ClInclude Include="stdafx.h">
      <Filter>Source Files</Filter>
    </ClInclude>
    <ClInclude Include="ToolTipManager.h">
      <Filter>Source Files</Filter>
    </ClInclude>
    <ClInclude Include="dialog\aboutdlg.h">
      <Filter>Source Files\dialog</Filter>
    </ClInclude>
    <ClInclude Include="dialog\AlphaDialog.h">
      <Filter>Source Files\dialog</Filter>
    </ClInclude>
    <ClInclude Include="dialog\CommandSelectDialog.h">
      <Filter>Source Files\dialog</Filter>
    </ClInclude>
    <ClInclude Include="dialog\DebugWindow.h">
      <Filter>Source Files\dialog</Filter>
    </ClInclude>
    <ClInclude Include="dialog\OpenURLDialog.h">
      <Filter>Source Files\dialog</Filter>
    </ClInclude>
    <ClInclude Include="dialog\RenameFileDialog.h">
      <Filter>Source Files\dialog</Filter>
    </ClInclude>
    <ClInclude Include="Mtl.h">
      <Filter>Source Files\MTL</Filter>
    </ClInclude>
    <ClInclude Include="MtlBase.h">
      <Filter>Source Files\MTL</Filter>
    </ClInclude>
    <ClInclude Include="MtlBrowser.h">
      <Filter>Source Files\MTL</Filter>
    </ClInclude>
    <ClInclude Include="MtlCom.h">
      <Filter>Source Files\MTL</Filter>
    </ClInclude>
    <ClInclude Include="MtlCtrls.h">
      <Filter>Source Files\MTL</Filter>
    </ClInclude>
    <ClInclude Include="MtlCtrlw.h">
      <Filter>Source Files\MTL</Filter>
    </ClInclude>
    <ClInclude Include="MtlDragDrop.h">
      <Filter>Source Files\MTL</Filter>
    </ClInclude>
    <ClInclude Include="MtlFile.h">
      <Filter>Source Files\MTL</Filter>
    </ClInclude>
    <ClInclude Include="MtlMisc.h">
      <Filter>Source Files\MTL</Filter>
    </ClInclude>
    <ClInclude Include="MtlProfile.h">
      <Filter>Source Files\MTL</Filter>
    </ClInclude>
    <ClInclude Include="MtlUpdateCmdUI.h">
      <Filter>Source Files\MTL</Filter>
    </ClInclude>
    <ClInclude Include="MtlUser.h">
      <Filter>Source Files\MTL</Filter>
    </ClInclude>
    <ClInclude Include="MtlWeb.h">
      <Filter>Source Files\MTL</Filter>
    </ClInclude>
    <ClInclude Include="MtlWin.h">
      <Filter>Source Files\MTL</Filter>
    </ClInclude>
    <ClInclude Include="option\AddressBarPropertyPage.h">
      <Filter>Source Files\option</Filter>
    </ClInclude>
    <ClInclude Include="option\CloseTitleOption.h">
      <Filter>Source Files\option</Filter>
    </ClInclude>
    <ClInclude Include="option\DestroyDialog.h">
      <Filter>Source Files\option</Filter>
    </ClInclude>
    <ClInclude Include="option\DLControlOption.h">
      <Filter>Source Files\option</Filter>
    </ClInclude>
    <ClInclude Include="option\DonutConfirmOption.h">
      <Filter>Source Files\option</Filter>
    </ClInclude>
    <ClInclude Include="option\ExecutableDialog.h">
      <Filter>Source Files\option</Filter>
    </ClInclude>
    <ClInclude Include="option\ExplorerBarDialog.h">
      <Filter>Source Files\option</Filter>
    </ClInclude>
    <ClInclude Include="option\FavoriteMenuDialog.h">
      <Filter>Source Files\option</Filter>
    </ClInclude>
    <ClInclude Include="option\FileNewOption.h">
      <Filter>Source Files\option</Filter>
    </ClInclude>
    <ClInclude Include="option\IgnoreURLsOption.h">
      <Filter>Source Files\option</Filter>
    </ClInclude>
    <ClInclude Include="option\KeyBoardDialog.h">
      <Filter>Source Files\option</Filter>
    </ClInclude>
    <ClInclude Include="option\LinkBarPropertyPage.h">
      <Filter>Source Files\option</Filter>
    </ClInclude>
    <ClInclude Include="option\MainOption.h">
      <Filter>Source Files\option</Filter>
    </ClInclude>
    <ClInclude Include="option\MDITabDialog.h">
      <Filter>Source Files\option</Filter>
    </ClInclude>
    <ClInclude Include="option\MenuDialog.h">
      <Filter>Source Files\option</Filter>
    </ClInclude>
    <ClInclude Include="option\MouseDialog.h">
      <Filter>Source Files\option</Filter>
    </ClInclude>
    <ClInclude Include="option\MouseGestureDialog.h">
      <Filter>Source Files\option</Filter>
    </ClInclude>
    <ClInclude Include="option\PluginDialog.h">
      <Filter>Source Files\option</Filter>
    </ClInclude>
    <ClInclude Include="option\ProxyDialog.h">
      <Filter>Source Files\option</Filter>
    </ClInclude>
    <ClInclude Include="option\SearchPropertyPage.h">
      <Filter>Source Files\option</Filter>
    </ClInclude>
    <ClInclude Include="option\SkinOption.h">
      <Filter>Source Files\option</Filter>
    </ClInclude>
    <ClInclude Include="option\StartUpOption.h">
      <Filter>Source Files\option</Filter>
    </ClInclude>
    <ClInclude Include="option\ToolBarDialog.h">
      <Filter>Source Files\option</Filter>
    </ClInclude>
    <ClInclude Include="option\UrlSecurityOption.h">
      <Filter>Source Files\option</Filter>
    </ClInclude>
    <ClInclude Include="AtlhostEx.h">
      <Filter>Source Files\ATL</Filter>
    </ClInclude>
    <ClInclude Include="WtlFixed\AtlSplit.h">
      <Filter>Source Files\ATL</Filter>
    </ClInclude>
    <ClInclude Include="atltheme_d.h">
      <Filter>Source Files\ATL</Filter>
    </ClInclude>
    <ClInclude Include="..\wtl80\include\atlapp.h">
      <Filter>WTL</Filter>
    </ClInclude>
    <ClInclude Include="..\wtl80\include\atlcrack.h">
      <Filter>WTL</Filter>
    </ClInclude>
    <ClInclude Include="..\wtl80\include\atlctrls.h">
      <Filter>WTL</Filter>
    </ClInclude>
    <ClInclude Include="..\wtl80\include\atlctrlw.h">
      <Filter>WTL</Filter>
    </ClInclude>
    <ClInclude Include="..\wtl80\include\atlctrlx.h">
      <Filter>WTL</Filter>
    </ClInclude>
    <ClInclude Include="..\wtl80\include\atlddx.h">
      <Filter>WTL</Filter>
    </ClInclude>
    <ClInclude Include="..\wtl80\include\atldlgs.h">
      <Filter>WTL</Filter>
    </ClInclude>
    <ClInclude Include="..\wtl80\include\atlfind.h">
      <Filter>WTL</Filter>
    </ClInclude>
    <ClInclude Include="..\wtl80\include\atlframe.h">
      <Filter>WTL</Filter>
    </ClInclude>
    <ClInclude Include="..\wtl80\include\atlgdi.h">
      <Filter>WTL</Filter>
    </ClInclude>
    <ClInclude Include="..\wtl80\include\atlmisc.h">
      <Filter>WTL</Filter>
    </ClInclude>
    <ClInclude Include="..\wtl80\include\atlprint.h">
      <Filter>WTL</Filter>
    </ClInclude>
    <ClInclude Include="..\wtl80\include\atlres.h">
      <Filter>WTL</Filter>
    </ClInclude>
    <ClInclude Include="..\wtl80\include\atlresce.h">
      <Filter>WTL</Filter>
    </ClInclude>
    <ClInclude Include="..\wtl80\include\atlscrl.h">
      <Filter>WTL</Filter>
    </ClInclude>
    <ClInclude Include="..\wtl80\include\atltheme.h">
      <Filter>WTL</Filter>
    </ClInclude>
    <ClInclude Include="..\wtl80\include\atluser.h">
      <Filter>WTL</Filter>
    </ClInclude>
    <ClInclude Include="..\wtl80\include\atlwinx.h">
      <Filter>WTL</Filter>
    </ClInclude>
    <ClInclude Include="resource.h">
      <Filter>Resource Files</Filter>
    </ClInclude>
    <ClInclude Include="DonutOption.h">
      <Filter>Source Files</Filter>
    </ClInclude>
    <ClInclude Include="option\RightClickMenuDialog.h">
      <Filter>Source Files\option</Filter>
    </ClInclude>
    <ClInclude Include="VersionControl.h">
      <Filter>Source Files</Filter>
    </ClInclude>
    <ClInclude Include="ChildFrame.h">
      <Filter>Source Files\Window</Filter>
    </ClInclude>
    <ClInclude Include="DonutAddressBar.h">
      <Filter>Source Files\Window</Filter>
    </ClInclude>
    <ClInclude Include="DonutLinksBarCtrl.h">
      <Filter>Source Files\Window</Filter>
    </ClInclude>
    <ClInclude Include="DonutRebarCtrl.h">
      <Filter>Source Files\Window</Filter>
    </ClInclude>
    <ClInclude Include="DonutStatusBarCtrl.h">
      <Filter>Source Files\Window</Filter>
    </ClInclude>
    <ClInclude Include="DonutToolBar.h">
      <Filter>Source Files\Window</Filter>
    </ClInclude>
    <ClInclude Include="DonutView.h">
      <Filter>Source Files\Window</Filter>
    </ClInclude>
    <ClInclude Include="MainFrame.h">
      <Filter>Source Files\Window</Filter>
    </ClInclude>
    <ClInclude Include="DonutClipboardBar.h">
      <Filter>Source Files\ExplorerBar</Filter>
    </ClInclude>
    <ClInclude Include="DonutExplorerBar.h">
      <Filter>Source Files\ExplorerBar</Filter>
    </ClInclude>
    <ClInclude Include="DonutPanelBar.h">
      <Filter>Source Files\ExplorerBar</Filter>
    </ClInclude>
    <ClInclude Include="FavTreeViewCtrl.h">
      <Filter>Source Files\ExplorerBar</Filter>
    </ClInclude>
    <ClInclude Include="PluginBar.h">
      <Filter>Source Files\ExplorerBar</Filter>
    </ClInclude>
    <ClInclude Include="ChevronHandler.h">
      <Filter>Source Files\Base</Filter>
    </ClInclude>
    <ClInclude Include="DonutPFunc.h">
      <Filter>Source Files\Base</Filter>
    </ClInclude>
    <ClInclude Include="DropDownButton.h">
      <Filter>Source Files\Base</Filter>
    </ClInclude>
    <ClInclude Include="Misc.h">
      <Filter>Source Files\Base</Filter>
    </ClInclude>
    <ClInclude Include="SearchHistoryDialog.h">
      <Filter>Source Files\dialog</Filter>
    </ClInclude>
    <ClInclude Include="XmlFile.h">
      <Filter>Source Files\Base</Filter>
    </ClInclude>
    <ClInclude Include="IniFile.h">
      <Filter>Source Files\Base</Filter>
    </ClInclude>
    <ClInclude Include="FileNotification.h">
      <Filter>Source Files\Base</Filter>
    </ClInclude>
    <ClInclude Include="MenuEncode.h">
      <Filter>Source Files</Filter>
    </ClInclude>
    <ClInclude Include="Download\DownloadedListView.h">
      <Filter>Source Files\Download</Filter>
    </ClInclude>
    <ClInclude Include="Download\DownloadingListView.h">
      <Filter>Source Files\Download</Filter>
    </ClInclude>
    <ClInclude Include="Download\DownloadManager.h">
      <Filter>Source Files\Download</Filter>
    </ClInclude>
    <ClInclude Include="Download\DownloadFrame.h">
      <Filter>Source Files\Download</Filter>
    </ClInclude>
    <ClInclude Include="Download\CustomBindStatusCallBack.h">
      <Filter>Source Files\Download</Filter>
    </ClInclude>
    <ClInclude Include="Download\DownloadOptionDialog.h">
      <Filter>Source Files\Download</Filter>
    </ClInclude>
    <ClInclude Include="option\UrlSecurityExPropDialog.h">
      <Filter>Source Files\option</Filter>
    </ClInclude>
    <ClInclude Include="ie_feature_control.h">
      <Filter>Source Files</Filter>
    </ClInclude>
    <ClInclude Include="BingTranslatorMenu.h">
      <Filter>Source Files</Filter>
    </ClInclude>
    <ClInclude Include="Thumbnail.h">
      <Filter>Source Files</Filter>
    </ClInclude>
    <ClInclude Include="DonutSearchBar.h">
      <Filter>Source Files\Window</Filter>
    </ClInclude>
    <ClInclude Include="FaviconManager.h">
      <Filter>Source Files</Filter>
    </ClInclude>
    <ClInclude Include="GdiplusUtil.h">
      <Filter>Source Files\Base</Filter>
    </ClInclude>
    <ClInclude Include="APIHook.h">
      <Filter>Source Files\Base</Filter>
    </ClInclude>
    <ClInclude Include="PluginManager.h">
      <Filter>Source Files\plugin</Filter>
    </ClInclude>
    <ClInclude Include="Include\PluginInfo.h">
      <Filter>Source Files\plugin</Filter>
    </ClInclude>
    <ClInclude Include="PluginEventImpl.h">
      <Filter>Source Files\plugin</Filter>
    </ClInclude>
    <ClInclude Include="StyleSheetOption.h">
      <Filter>Source Files\option</Filter>
    </ClInclude>
    <ClInclude Include="DonutTabBar.h">
      <Filter>Source Files\Window</Filter>
    </ClInclude>
  </ItemGroup>
  <ItemGroup>
    <Midl Include="DonutP.idl">
      <Filter>Source Files</Filter>
    </Midl>
  </ItemGroup>
  <ItemGroup>
    <None Include="API.rgs">
      <Filter>Resource Files</Filter>
    </None>
    <None Include="res\API.rgs">
      <Filter>Resource Files</Filter>
    </None>
    <None Include="res\DonutDoc.ico">
      <Filter>Resource Files</Filter>
    </None>
    <None Include="res\DonutP.rgs">
      <Filter>Resource Files</Filter>
    </None>
    <None Include="DonutP.rgs">
      <Filter>Resource Files</Filter>
    </None>
    <None Include="res\ExpBar.bmp">
      <Filter>Resource Files</Filter>
    </None>
    <None Include="res\FavBar.bmp">
      <Filter>Resource Files</Filter>
    </None>
    <None Include="res\FavBarHot.bmp">
      <Filter>Resource Files</Filter>
    </None>
    <None Include="res\Go.bmp">
      <Filter>Resource Files</Filter>
    </None>
    <None Include="res\GoHot.bmp">
      <Filter>Resource Files</Filter>
    </None>
    <None Include="res\Icon_100.ico">
      <Filter>Resource Files</Filter>
    </None>
    <None Include="res\Icon_64.ico">
      <Filter>Resource Files</Filter>
    </None>
    <None Include="res\SearchBar.bmp">
      <Filter>Resource Files</Filter>
    </None>
    <None Include="res\SearchBarDis.bmp">
      <Filter>Resource Files</Filter>
    </None>
    <None Include="res\SearchBarHot.bmp">
      <Filter>Resource Files</Filter>
    </None>
    <None Include="res\secure.bmp">
      <Filter>Resource Files</Filter>
    </None>
    <None Include="res\Small.bmp">
      <Filter>Resource Files</Filter>
    </None>
    <None Include="res\SmallDisable.bmp">
      <Filter>Resource Files</Filter>
    </None>
    <None Include="res\SmallHot.bmp">
      <Filter>Resource Files</Filter>
    </None>
    <None Include="res\tab.bmp">
      <Filter>Resource Files</Filter>
    </None>
    <None Include="res\text1.bin">
      <Filter>Resource Files</Filter>
    </None>
    <None Include="res\NavigateLock.ico">
      <Filter>Resource Files</Filter>
    </None>
    <None Include="res\DLStop.ico">
      <Filter>Resource Files</Filter>
    </None>
  </ItemGroup>
  <ItemGroup>
    <ResourceCompile Include="Donut.rc">
      <Filter>Resource Files</Filter>
    </ResourceCompile>
  </ItemGroup>
</Project>